
Microsoft Visual Studio Solution File, Format Version 12.00
# Visual Studio Version 17
VisualStudioVersion = 17.12.35527.113 d17.12
MinimumVisualStudioVersion = 10.0.40219.1
Project("{FAE04EC0-301F-11D3-BF4B-00C04F79EFBC}") = "Web_Practice_Routing", "Web_Practice_Routing\Web_Practice_Routing.csproj", "{9AD21485-1CCD-4743-86C2-27F5E8463EF9}"
EndProject
Global
	GlobalSection(SolutionConfigurationPlatforms) = preSolution
		Debug|Any CPU = Debug|Any CPU
		Release|Any CPU = Release|Any CPU
	EndGlobalSection
	GlobalSection(ProjectConfigurationPlatforms) = postSolution
		{9AD21485-1CCD-4743-86C2-27F5E8463EF9}.Debug|Any CPU.ActiveCfg = Debug|Any CPU
		{9AD21485-1CCD-4743-86C2-27F5E8463EF9}.Debug|Any CPU.Build.0 = Debug|Any CPU
		{9AD21485-1CCD-4743-86C2-27F5E8463EF9}.Release|Any CPU.ActiveCfg = Release|Any CPU
		{9AD21485-1CCD-4743-86C2-27F5E8463EF9}.Release|Any CPU.Build.0 = Release|Any CPU
	EndGlobalSection
	GlobalSection(SolutionProperties) = preSolution
		HideSolutionNode = FALSE
	EndGlobalSection
EndGlobal
